
Microsoft Visual Studio Solution File, Format Version 12.00
# Visual Studio Version 17
VisualStudioVersion = 17.5.002.0
MinimumVisualStudioVersion = 10.0.40219.1
Project("{9A19103F-16F7-4668-BE54-9A1E7A4F7556}") = "dotnet-api-todo", "dotnet-api-todo.csproj", "{072E58F1-BB3C-4A30-913E-F975F8FB8FFB}"
EndProject
Global
	GlobalSection(SolutionConfigurationPlatforms) = preSolution
		Debug|Any CPU = Debug|Any CPU
		Release|Any CPU = Release|Any CPU
	EndGlobalSection
	GlobalSection(ProjectConfigurationPlatforms) = postSolution
		{072E58F1-BB3C-4A30-913E-F975F8FB8FFB}.Debug|Any CPU.ActiveCfg = Debug|Any CPU
		{072E58F1-BB3C-4A30-913E-F975F8FB8FFB}.Debug|Any CPU.Build.0 = Debug|Any CPU
		{072E58F1-BB3C-4A30-913E-F975F8FB8FFB}.Release|Any CPU.ActiveCfg = Release|Any CPU
		{072E58F1-BB3C-4A30-913E-F975F8FB8FFB}.Release|Any CPU.Build.0 = Release|Any CPU
	EndGlobalSection
	GlobalSection(SolutionProperties) = preSolution
		HideSolutionNode = FALSE
	EndGlobalSection
	GlobalSection(ExtensibilityGlobals) = postSolution
		SolutionGuid = {C038C2F3-E03A-4133-8499-0A8FF0F67814}
	EndGlobalSection
EndGlobal
